Microsoft Visual Studio Solution File, Format Version 12.00
# Visual Studio 15
VisualStudioVersion = 15.0.28010.2016
MinimumVisualStudioVersion = 10.0.40219.1
Project("{FAE04EC0-301F-11D3-BF4B-00C04F79EFBC}") = "Q273845", "Q273845\Q273845.csproj", "{7824B57C-2545-4352-928B-96171E6BEF50}"
EndProject
Global
	GlobalSection(SolutionConfigurationPlatforms) = preSolution
		Debug|Any CPU = Debug|Any CPU
		Debug|x86 = Debug|x86
		Release|Any CPU = Release|Any CPU
		Release|x86 = Release|x86
	EndGlobalSection
	GlobalSection(ProjectConfigurationPlatforms) = postSolution
		{7824B57C-2545-4352-928B-96171E6BEF50}.Debug|Any CPU.ActiveCfg = Debug|Any CPU
		{7824B57C-2545-4352-928B-96171E6BEF50}.Debug|Any CPU.Build.0 = Debug|Any CPU
		{7824B57C-2545-4352-928B-96171E6BEF50}.Debug|x86.ActiveCfg = Debug|x86
		{7824B57C-2545-4352-928B-96171E6BEF50}.Debug|x86.Build.0 = Debug|x86
		{7824B57C-2545-4352-928B-96171E6BEF50}.Release|Any CPU.ActiveCfg = Release|Any CPU
		{7824B57C-2545-4352-928B-96171E6BEF50}.Release|Any CPU.Build.0 = Release|Any CPU
		{7824B57C-2545-4352-928B-96171E6BEF50}.Release|x86.ActiveCfg = Release|x86
		{7824B57C-2545-4352-928B-96171E6BEF50}.Release|x86.Build.0 = Release|x86
	EndGlobalSection
	GlobalSection(SolutionProperties) = preSolution
		HideSolutionNode = FALSE
	EndGlobalSection
	GlobalSection(ExtensibilityGlobals) = postSolution
		SolutionGuid = {EF15013D-95D3-485B-A7C0-94AEF86F3723}
	EndGlobalSection
EndGlobal
